// !$*UTF8*$!
{
	archiveVersion = 1;
	classes = {
	};
	objectVersion = 56;
	objects = {

/* Begin PBXBuildFile section */
		3F3C60FF2912A5F7002D1168 /* CoreDataManager.swift in Sources */ = {isa = PBXBuildFile; fileRef = 3F3C60FE2912A5F6002D1168 /* CoreDataManager.swift */; };
		3F3C61022912A745002D1168 /* CommitteeModel.xcdatamodeld in Sources */ = {isa = PBXBuildFile; fileRef = 3F3C61002912A745002D1168 /* CommitteeModel.xcdatamodeld */; };
		3F3C61052912A7E2002D1168 /* Committee+CoreDataClass.swift in Sources */ = {isa = PBXBuildFile; fileRef = 3F3C61032912A7E2002D1168 /* Committee+CoreDataClass.swift */; };
		3F3C61062912A7E2002D1168 /* Committee+CoreDataProperties.swift in Sources */ = {isa = PBXBuildFile; fileRef = 3F3C61042912A7E2002D1168 /* Committee+CoreDataProperties.swift */; };
		3FEECBFA2903087900E5342D /* TodayLawViewController.swift in Sources */ = {isa = PBXBuildFile; fileRef = 3FEECBF92903087900E5342D /* TodayLawViewController.swift */; };
		3FEECBFC29030B5B00E5342D /* MainTabBarController.swift in Sources */ = {isa = PBXBuildFile; fileRef = 3FEECBFB29030B5B00E5342D /* MainTabBarController.swift */; };
		3FEECBFE29030C6E00E5342D /* FavoriteViewController.swift in Sources */ = {isa = PBXBuildFile; fileRef = 3FEECBFD29030C6E00E5342D /* FavoriteViewController.swift */; };
		59580EF7290379210035A84A /* SettingsTableViewCell.swift in Sources */ = {isa = PBXBuildFile; fileRef = 59580EF6290379210035A84A /* SettingsTableViewCell.swift */; };
		596B15B629012B2000DD7DA1 /* SettingsViewController.swift in Sources */ = {isa = PBXBuildFile; fileRef = 596B15B529012B2000DD7DA1 /* SettingsViewController.swift */; };
		599A788A29112E990070CE15 /* SettingsViewModel.swift in Sources */ = {isa = PBXBuildFile; fileRef = 599A788929112E990070CE15 /* SettingsViewModel.swift */; };
		599A789229123E1C0070CE15 /* DeveloperPageViewController.swift in Sources */ = {isa = PBXBuildFile; fileRef = 599A789129123E1C0070CE15 /* DeveloperPageViewController.swift */; };
		BF0AC0A328FBD792009729A1 /* SelectCategoryCollectionViewCell.swift in Sources */ = {isa = PBXBuildFile; fileRef = BF0AC0A228FBD792009729A1 /* SelectCategoryCollectionViewCell.swift */; };
		BF0AC0A528FBDFFB009729A1 /* Category.swift in Sources */ = {isa = PBXBuildFile; fileRef = BF0AC0A428FBDFFB009729A1 /* Category.swift */; };
		BF105A8E290E47A1006EF2D2 /* APIConstanrs.swift in Sources */ = {isa = PBXBuildFile; fileRef = BF105A8D290E47A1006EF2D2 /* APIConstanrs.swift */; };
		BF36E2BB28FE77DC007B9E15 /* DetailViewController.swift in Sources */ = {isa = PBXBuildFile; fileRef = BF36E2BA28FE77DC007B9E15 /* DetailViewController.swift */; };
		BF36E2C028FE8159007B9E15 /* LawInformation.swift in Sources */ = {isa = PBXBuildFile; fileRef = BF36E2BF28FE8159007B9E15 /* LawInformation.swift */; };
		BF36E2C228FE83C2007B9E15 /* CustomView.swift in Sources */ = {isa = PBXBuildFile; fileRef = BF36E2C128FE83C2007B9E15 /* CustomView.swift */; };
		BF36E2C428FEA28A007B9E15 /* Shadow.swift in Sources */ = {isa = PBXBuildFile; fileRef = BF36E2C328FEA28A007B9E15 /* Shadow.swift */; };
		BF6D1A1728FA930000CEE971 /* Colors.swift in Sources */ = {isa = PBXBuildFile; fileRef = BF6D1A1628FA930000CEE971 /* Colors.swift */; };
		BF752F66290143B00083A72C /* Variables.swift in Sources */ = {isa = PBXBuildFile; fileRef = BF752F65290143B00083A72C /* Variables.swift */; };
		BF788B89290540DA002BF8C0 /* Alamofire in Frameworks */ = {isa = PBXBuildFile; productRef = BF788B88290540DA002BF8C0 /* Alamofire */; };
		BF788B8B29054244002BF8C0 /* APIKey.swift in Sources */ = {isa = PBXBuildFile; fileRef = BF788B8A29054244002BF8C0 /* APIKey.swift */; };
		BF788B8E290545C0002BF8C0 /* ResponseManager.swift in Sources */ = {isa = PBXBuildFile; fileRef = BF788B8D290545C0002BF8C0 /* ResponseManager.swift */; };
		BF788B9029055A8C002BF8C0 /* Law.swift in Sources */ = {isa = PBXBuildFile; fileRef = BF788B8F29055A8C002BF8C0 /* Law.swift */; };
		BF7AE40A28FA8CA800AF68ED /* AppDelegate.swift in Sources */ = {isa = PBXBuildFile; fileRef = BF7AE40928FA8CA800AF68ED /* AppDelegate.swift */; };
		BF7AE40C28FA8CA800AF68ED /* SceneDelegate.swift in Sources */ = {isa = PBXBuildFile; fileRef = BF7AE40B28FA8CA800AF68ED /* SceneDelegate.swift */; };
		BF7AE40E28FA8CA800AF68ED /* ViewController.swift in Sources */ = {isa = PBXBuildFile; fileRef = BF7AE40D28FA8CA800AF68ED /* ViewController.swift */; };
		BF7AE41328FA8CA800AF68ED /* Assets.xcassets in Resources */ = {isa = PBXBuildFile; fileRef = BF7AE41228FA8CA800AF68ED /* Assets.xcassets */; };
		BF7AE41628FA8CA800AF68ED /* LaunchScreen.storyboard in Resources */ = {isa = PBXBuildFile; fileRef = BF7AE41428FA8CA800AF68ED /* LaunchScreen.storyboard */; };
		BF915CB6290BFC7A006DD4B1 /* SwiftyJSON in Frameworks */ = {isa = PBXBuildFile; productRef = BF915CB5290BFC7A006DD4B1 /* SwiftyJSON */; };
		BFE25E7028FA9B370078A84D /* SelectCategoryViewController.swift in Sources */ = {isa = PBXBuildFile; fileRef = BFE25E6F28FA9B370078A84D /* SelectCategoryViewController.swift */; };
/* End PBXBuildFile section */

/* Begin PBXFileReference section */
		3F3C60FE2912A5F6002D1168 /* CoreDataManager.swift */ = {isa = PBXFileReference; lastKnownFileType = sourcecode.swift; path = CoreDataManager.swift; sourceTree = "<group>"; };
		3F3C61012912A745002D1168 /* CommitteeModel.xcdatamodel */ = {isa = PBXFileReference; lastKnownFileType = wrapper.xcdatamodel; path = CommitteeModel.xcdatamodel; sourceTree = "<group>"; };
		3F3C61032912A7E2002D1168 /* Committee+CoreDataClass.swift */ = {isa = PBXFileReference; lastKnownFileType = sourcecode.swift; path = "Committee+CoreDataClass.swift"; sourceTree = "<group>"; };
		3F3C61042912A7E2002D1168 /* Committee+CoreDataProperties.swift */ = {isa = PBXFileReference; lastKnownFileType = sourcecode.swift; path = "Committee+CoreDataProperties.swift"; sourceTree = "<group>"; };
		3FEECBF92903087900E5342D /* TodayLawViewController.swift */ = {isa = PBXFileReference; lastKnownFileType = sourcecode.swift; path = TodayLawViewController.swift; sourceTree = "<group>"; };
		3FEECBFB29030B5B00E5342D /* MainTabBarController.swift */ = {isa = PBXFileReference; lastKnownFileType = sourcecode.swift; path = MainTabBarController.swift; sourceTree = "<group>"; };
		3FEECBFD29030C6E00E5342D /* FavoriteViewController.swift */ = {isa = PBXFileReference; lastKnownFileType = sourcecode.swift; path = FavoriteViewController.swift; sourceTree = "<group>"; };
		59580EF6290379210035A84A /* SettingsTableViewCell.swift */ = {isa = PBXFileReference; lastKnownFileType = sourcecode.swift; path = SettingsTableViewCell.swift; sourceTree = "<group>"; };
		596B15B529012B2000DD7DA1 /* SettingsViewController.swift */ = {isa = PBXFileReference; lastKnownFileType = sourcecode.swift; path = SettingsViewController.swift; sourceTree = "<group>"; };
		599A788929112E990070CE15 /* SettingsViewModel.swift */ = {isa = PBXFileReference; lastKnownFileType = sourcecode.swift; path = SettingsViewModel.swift; sourceTree = "<group>"; };
		599A789129123E1C0070CE15 /* DeveloperPageViewController.swift */ = {isa = PBXFileReference; lastKnownFileType = sourcecode.swift; path = DeveloperPageViewController.swift; sourceTree = "<group>"; };
		BF0AC0A228FBD792009729A1 /* SelectCategoryCollectionViewCell.swift */ = {isa = PBXFileReference; lastKnownFileType = sourcecode.swift; name = SelectCategoryCollectionViewCell.swift; path = Gaongil/Views/SelectCategoryCollectionViewCell.swift; sourceTree = SOURCE_ROOT; };
		BF0AC0A428FBDFFB009729A1 /* Category.swift */ = {isa = PBXFileReference; lastKnownFileType = sourcecode.swift; name = Category.swift; path = Gaongil/Model/Category.swift; sourceTree = SOURCE_ROOT; };
		BF105A8D290E47A1006EF2D2 /* APIConstanrs.swift */ = {isa = PBXFileReference; lastKnownFileType = sourcecode.swift; path = APIConstanrs.swift; sourceTree = "<group>"; };
		BF36E2BA28FE77DC007B9E15 /* DetailViewController.swift */ = {isa = PBXFileReference; lastKnownFileType = sourcecode.swift; path = DetailViewController.swift; sourceTree = "<group>"; };
		BF36E2BF28FE8159007B9E15 /* LawInformation.swift */ = {isa = PBXFileReference; lastKnownFileType = sourcecode.swift; name = LawInformation.swift; path = Gaongil/Model/LawInformation.swift; sourceTree = SOURCE_ROOT; };
		BF36E2C128FE83C2007B9E15 /* CustomView.swift */ = {isa = PBXFileReference; lastKnownFileType = sourcecode.swift; path = CustomView.swift; sourceTree = "<group>"; };
		BF36E2C328FEA28A007B9E15 /* Shadow.swift */ = {isa = PBXFileReference; lastKnownFileType = sourcecode.swift; path = Shadow.swift; sourceTree = "<group>"; };
		BF6D1A1628FA930000CEE971 /* Colors.swift */ = {isa = PBXFileReference; lastKnownFileType = sourcecode.swift; path = Colors.swift; sourceTree = "<group>"; };
		BF752F65290143B00083A72C /* Variables.swift */ = {isa = PBXFileReference; fileEncoding = 4; lastKnownFileType = sourcecode.swift; path = Variables.swift; sourceTree = "<group>"; };
		BF788B8A29054244002BF8C0 /* APIKey.swift */ = {isa = PBXFileReference; lastKnownFileType = sourcecode.swift; path = APIKey.swift; sourceTree = "<group>"; };
		BF788B8D290545C0002BF8C0 /* ResponseManager.swift */ = {isa = PBXFileReference; lastKnownFileType = sourcecode.swift; path = ResponseManager.swift; sourceTree = "<group>"; };
		BF788B8F29055A8C002BF8C0 /* Law.swift */ = {isa = PBXFileReference; lastKnownFileType = sourcecode.swift; path = Law.swift; sourceTree = "<group>"; };
		BF7AE40628FA8CA800AF68ED /* Gaongil.app */ = {isa = PBXFileReference; explicitFileType = wrapper.application; includeInIndex = 0; path = Gaongil.app; sourceTree = BUILT_PRODUCTS_DIR; };
		BF7AE40928FA8CA800AF68ED /* AppDelegate.swift */ = {isa = PBXFileReference; lastKnownFileType = sourcecode.swift; path = AppDelegate.swift; sourceTree = "<group>"; };
		BF7AE40B28FA8CA800AF68ED /* SceneDelegate.swift */ = {isa = PBXFileReference; lastKnownFileType = sourcecode.swift; path = SceneDelegate.swift; sourceTree = "<group>"; };
		BF7AE40D28FA8CA800AF68ED /* ViewController.swift */ = {isa = PBXFileReference; lastKnownFileType = sourcecode.swift; path = ViewController.swift; sourceTree = "<group>"; };
		BF7AE41228FA8CA800AF68ED /* Assets.xcassets */ = {isa = PBXFileReference; lastKnownFileType = folder.assetcatalog; path = Assets.xcassets; sourceTree = "<group>"; };
		BF7AE41528FA8CA800AF68ED /* Base */ = {isa = PBXFileReference; lastKnownFileType = file.storyboard; name = Base; path = Base.lproj/LaunchScreen.storyboard; sourceTree = "<group>"; };
		BF7AE41728FA8CA800AF68ED /* Info.plist */ = {isa = PBXFileReference; lastKnownFileType = text.plist.xml; path = Info.plist; sourceTree = "<group>"; };
		BFE25E6F28FA9B370078A84D /* SelectCategoryViewController.swift */ = {isa = PBXFileReference; lastKnownFileType = sourcecode.swift; path = SelectCategoryViewController.swift; sourceTree = "<group>"; };
/* End PBXFileReference section */

/* Begin PBXFrameworksBuildPhase section */
		BF7AE40328FA8CA800AF68ED /* Frameworks */ = {
			isa = PBXFrameworksBuildPhase;
			buildActionMask = 2147483647;
			files = (
				BF915CB6290BFC7A006DD4B1 /* SwiftyJSON in Frameworks */,
				BF788B89290540DA002BF8C0 /* Alamofire in Frameworks */,
			);
			runOnlyForDeploymentPostprocessing = 0;
		};
/* End PBXFrameworksBuildPhase section */

/* Begin PBXGroup section */
		BF6D1A1128FA92B600CEE971 /* Views */ = {
			isa = PBXGroup;
			children = (
				BF36E2C128FE83C2007B9E15 /* CustomView.swift */,
				BF0AC0A228FBD792009729A1 /* SelectCategoryCollectionViewCell.swift */,
				59580EF6290379210035A84A /* SettingsTableViewCell.swift */,
			);
			path = Views;
			sourceTree = "<group>";
		};
		BF6D1A1228FA92B800CEE971 /* Model */ = {
			isa = PBXGroup;
			children = (
				BF0AC0A428FBDFFB009729A1 /* Category.swift */,
				BF36E2BF28FE8159007B9E15 /* LawInformation.swift */,
				599A788929112E990070CE15 /* SettingsViewModel.swift */,
				BF788B8F29055A8C002BF8C0 /* Law.swift */,
				3F3C61002912A745002D1168 /* CommitteeModel.xcdatamodeld */,
			);
			path = Model;
			sourceTree = "<group>";
		};
		BF6D1A1328FA92BB00CEE971 /* Controllers */ = {
			isa = PBXGroup;
			children = (
				BF7AE40D28FA8CA800AF68ED /* ViewController.swift */,
				596B15B529012B2000DD7DA1 /* SettingsViewController.swift */,
				599A789129123E1C0070CE15 /* DeveloperPageViewController.swift */,
				BFE25E6F28FA9B370078A84D /* SelectCategoryViewController.swift */,
				BF36E2BA28FE77DC007B9E15 /* DetailViewController.swift */,
				3FEECBFB29030B5B00E5342D /* MainTabBarController.swift */,
				3FEECBF92903087900E5342D /* TodayLawViewController.swift */,
				3FEECBFD29030C6E00E5342D /* FavoriteViewController.swift */,
			);
			path = Controllers;
			sourceTree = "<group>";
		};
		BF6D1A1428FA92CF00CEE971 /* Extensions */ = {
			isa = PBXGroup;
			children = (
				BF6D1A1628FA930000CEE971 /* Colors.swift */,
				BF36E2C328FEA28A007B9E15 /* Shadow.swift */,
				BF752F65290143B00083A72C /* Variables.swift */,
			);
			path = Extensions;
			sourceTree = "<group>";
		};
		BF6D1A1528FA92EF00CEE971 /* Assets */ = {
			isa = PBXGroup;
			children = (
				BF7AE41228FA8CA800AF68ED /* Assets.xcassets */,
			);
			path = Assets;
			sourceTree = "<group>";
		};
		BF788B8C2905427B002BF8C0 /* Manager */ = {
			isa = PBXGroup;
			children = (
				BF788B8D290545C0002BF8C0 /* ResponseManager.swift */,
				3F3C60FE2912A5F6002D1168 /* CoreDataManager.swift */,
			);
			path = Manager;
			sourceTree = "<group>";
		};
		BF7AE3FD28FA8CA800AF68ED = {
			isa = PBXGroup;
			children = (
				3F3C61032912A7E2002D1168 /* Committee+CoreDataClass.swift */,
				3F3C61042912A7E2002D1168 /* Committee+CoreDataProperties.swift */,
				BF7AE40828FA8CA800AF68ED /* Gaongil */,
				BF7AE40728FA8CA800AF68ED /* Products */,
			);
			sourceTree = "<group>";
		};
		BF7AE40728FA8CA800AF68ED /* Products */ = {
			isa = PBXGroup;
			children = (
				BF7AE40628FA8CA800AF68ED /* Gaongil.app */,
			);
			name = Products;
			sourceTree = "<group>";
		};
		BF7AE40828FA8CA800AF68ED /* Gaongil */ = {
			isa = PBXGroup;
			children = (
				BF7AE40928FA8CA800AF68ED /* AppDelegate.swift */,
				BF7AE40B28FA8CA800AF68ED /* SceneDelegate.swift */,
				BF7AE41728FA8CA800AF68ED /* Info.plist */,
				BF7AE41428FA8CA800AF68ED /* LaunchScreen.storyboard */,
				BF6D1A1528FA92EF00CEE971 /* Assets */,
				BF6D1A1428FA92CF00CEE971 /* Extensions */,
				BF6D1A1328FA92BB00CEE971 /* Controllers */,
				BF6D1A1228FA92B800CEE971 /* Model */,
				BF788B8C2905427B002BF8C0 /* Manager */,
				BF915CB3290BD67B006DD4B1 /* Network */,
				BF6D1A1128FA92B600CEE971 /* Views */,
			);
			path = Gaongil;
			sourceTree = "<group>";
		};
		BF915CB3290BD67B006DD4B1 /* Network */ = {
			isa = PBXGroup;
			children = (
				BF788B8A29054244002BF8C0 /* APIKey.swift */,
				BF105A8D290E47A1006EF2D2 /* APIConstanrs.swift */,
			);
			path = Network;
			sourceTree = "<group>";
		};
/* End PBXGroup section */

/* Begin PBXNativeTarget section */
		BF7AE40528FA8CA800AF68ED /* Gaongil */ = {
			isa = PBXNativeTarget;
			buildConfigurationList = BF7AE41A28FA8CA800AF68ED /* Build configuration list for PBXNativeTarget "Gaongil" */;
			buildPhases = (
				BF7AE40228FA8CA800AF68ED /* Sources */,
				BF7AE40328FA8CA800AF68ED /* Frameworks */,
				BF7AE40428FA8CA800AF68ED /* Resources */,
			);
			buildRules = (
			);
			dependencies = (
			);
			name = Gaongil;
			packageProductDependencies = (
				BF788B88290540DA002BF8C0 /* Alamofire */,
				BF915CB5290BFC7A006DD4B1 /* SwiftyJSON */,
			);
			productName = Gaongil;
			productReference = BF7AE40628FA8CA800AF68ED /* Gaongil.app */;
			productType = "com.apple.product-type.application";
		};
/* End PBXNativeTarget section */

/* Begin PBXProject section */
		BF7AE3FE28FA8CA800AF68ED /* Project object */ = {
			isa = PBXProject;
			attributes = {
				BuildIndependentTargetsInParallel = 1;
				LastSwiftUpdateCheck = 1400;
				LastUpgradeCheck = 1400;
				TargetAttributes = {
					BF7AE40528FA8CA800AF68ED = {
						CreatedOnToolsVersion = 14.0.1;
					};
				};
			};
			buildConfigurationList = BF7AE40128FA8CA800AF68ED /* Build configuration list for PBXProject "Gaongil" */;
			compatibilityVersion = "Xcode 14.0";
			developmentRegion = en;
			hasScannedForEncodings = 0;
			knownRegions = (
				en,
				Base,
			);
			mainGroup = BF7AE3FD28FA8CA800AF68ED;
			packageReferences = (
				BF788B87290540DA002BF8C0 /* XCRemoteSwiftPackageReference "Alamofire" */,
				BF915CB4290BFC7A006DD4B1 /* XCRemoteSwiftPackageReference "SwiftyJSON" */,
			);
			productRefGroup = BF7AE40728FA8CA800AF68ED /* Products */;
			projectDirPath = "";
			projectRoot = "";
			targets = (
				BF7AE40528FA8CA800AF68ED /* Gaongil */,
			);
		};
/* End PBXProject section */

/* Begin PBXResourcesBuildPhase section */
		BF7AE40428FA8CA800AF68ED /* Resources */ = {
			isa = PBXResourcesBuildPhase;
			buildActionMask = 2147483647;
			files = (
				BF7AE41628FA8CA800AF68ED /* LaunchScreen.storyboard in Resources */,
				BF7AE41328FA8CA800AF68ED /* Assets.xcassets in Resources */,
			);
			runOnlyForDeploymentPostprocessing = 0;
		};
/* End PBXResourcesBuildPhase section */

/* Begin PBXSourcesBuildPhase section */
		BF7AE40228FA8CA800AF68ED /* Sources */ = {
			isa = PBXSourcesBuildPhase;
			buildActionMask = 2147483647;
			files = (
				BF0AC0A328FBD792009729A1 /* SelectCategoryCollectionViewCell.swift in Sources */,
				BF752F66290143B00083A72C /* Variables.swift in Sources */,
				3FEECBFA2903087900E5342D /* TodayLawViewController.swift in Sources */,
				3F3C61022912A745002D1168 /* CommitteeModel.xcdatamodeld in Sources */,
				BF105A8E290E47A1006EF2D2 /* APIConstanrs.swift in Sources */,
				BF36E2C028FE8159007B9E15 /* LawInformation.swift in Sources */,
				BF788B9029055A8C002BF8C0 /* Law.swift in Sources */,
				BF788B8B29054244002BF8C0 /* APIKey.swift in Sources */,
				BF788B8E290545C0002BF8C0 /* ResponseManager.swift in Sources */,
				3F3C60FF2912A5F7002D1168 /* CoreDataManager.swift in Sources */,
				3FEECBFE29030C6E00E5342D /* FavoriteViewController.swift in Sources */,
				BF7AE40E28FA8CA800AF68ED /* ViewController.swift in Sources */,
				3F3C61052912A7E2002D1168 /* Committee+CoreDataClass.swift in Sources */,
				59580EF7290379210035A84A /* SettingsTableViewCell.swift in Sources */,
				599A788A29112E990070CE15 /* SettingsViewModel.swift in Sources */,
				3F3C61062912A7E2002D1168 /* Committee+CoreDataProperties.swift in Sources */,
				BF36E2C428FEA28A007B9E15 /* Shadow.swift in Sources */,
				BF6D1A1728FA930000CEE971 /* Colors.swift in Sources */,
				BF36E2C228FE83C2007B9E15 /* CustomView.swift in Sources */,
				BFE25E7028FA9B370078A84D /* SelectCategoryViewController.swift in Sources */,
				BF7AE40A28FA8CA800AF68ED /* AppDelegate.swift in Sources */,
				3FEECBFC29030B5B00E5342D /* MainTabBarController.swift in Sources */,
				BF7AE40C28FA8CA800AF68ED /* SceneDelegate.swift in Sources */,
				BF0AC0A528FBDFFB009729A1 /* Category.swift in Sources */,
				599A789229123E1C0070CE15 /* DeveloperPageViewController.swift in Sources */,
				BF36E2BB28FE77DC007B9E15 /* DetailViewController.swift in Sources */,
				596B15B629012B2000DD7DA1 /* SettingsViewController.swift in Sources */,
			);
			runOnlyForDeploymentPostprocessing = 0;
		};
/* End PBXSourcesBuildPhase section */

/* Begin PBXVariantGroup section */
		BF7AE41428FA8CA800AF68ED /* LaunchScreen.storyboard */ = {
			isa = PBXVariantGroup;
			children = (
				BF7AE41528FA8CA800AF68ED /* Base */,
			);
			name = LaunchScreen.storyboard;
			sourceTree = "<group>";
		};
/* End PBXVariantGroup section */

/* Begin XCBuildConfiguration section */
		BF7AE41828FA8CA800AF68ED /* Debug */ = {
			isa = XCBuildConfiguration;
			buildSettings = {
				ALWAYS_SEARCH_USER_PATHS = NO;
				CLANG_ANALYZER_NONNULL = YES;
				CLANG_ANALYZER_NUMBER_OBJECT_CONVERSION = YES_AGGRESSIVE;
				CLANG_CXX_LANGUAGE_STANDARD = "gnu++20";
				CLANG_ENABLE_MODULES = YES;
				CLANG_ENABLE_OBJC_ARC = YES;
				CLANG_ENABLE_OBJC_WEAK = YES;
				CLANG_WARN_BLOCK_CAPTURE_AUTORELEASING = YES;
				CLANG_WARN_BOOL_CONVERSION = YES;
				CLANG_WARN_COMMA = YES;
				CLANG_WARN_CONSTANT_CONVERSION = YES;
				CLANG_WARN_DEPRECATED_OBJC_IMPLEMENTATIONS = YES;
				CLANG_WARN_DIRECT_OBJC_ISA_USAGE = YES_ERROR;
				CLANG_WARN_DOCUMENTATION_COMMENTS = YES;
				CLANG_WARN_EMPTY_BODY = YES;
				CLANG_WARN_ENUM_CONVERSION = YES;
				CLANG_WARN_INFINITE_RECURSION = YES;
				CLANG_WARN_INT_CONVERSION = YES;
				CLANG_WARN_NON_LITERAL_NULL_CONVERSION = YES;
				CLANG_WARN_OBJC_IMPLICIT_RETAIN_SELF = YES;
				CLANG_WARN_OBJC_LITERAL_CONVERSION = YES;
				CLANG_WARN_OBJC_ROOT_CLASS = YES_ERROR;
				CLANG_WARN_QUOTED_INCLUDE_IN_FRAMEWORK_HEADER = YES;
				CLANG_WARN_RANGE_LOOP_ANALYSIS = YES;
				CLANG_WARN_STRICT_PROTOTYPES = YES;
				CLANG_WARN_SUSPICIOUS_MOVE = YES;
				CLANG_WARN_UNGUARDED_AVAILABILITY = YES_AGGRESSIVE;
				CLANG_WARN_UNREACHABLE_CODE = YES;
				CLANG_WARN__DUPLICATE_METHOD_MATCH = YES;
				COPY_PHASE_STRIP = NO;
				DEBUG_INFORMATION_FORMAT = dwarf;
				ENABLE_STRICT_OBJC_MSGSEND = YES;
				ENABLE_TESTABILITY = YES;
				GCC_C_LANGUAGE_STANDARD = gnu11;
				GCC_DYNAMIC_NO_PIC = NO;
				GCC_NO_COMMON_BLOCKS = YES;
				GCC_OPTIMIZATION_LEVEL = 0;
				GCC_PREPROCESSOR_DEFINITIONS = (
					"DEBUG=1",
					"$(inherited)",
				);
				GCC_WARN_64_TO_32_BIT_CONVERSION = YES;
				GCC_WARN_ABOUT_RETURN_TYPE = YES_ERROR;
				GCC_WARN_UNDECLARED_SELECTOR = YES;
				GCC_WARN_UNINITIALIZED_AUTOS = YES_AGGRESSIVE;
				GCC_WARN_UNUSED_FUNCTION = YES;
				GCC_WARN_UNUSED_VARIABLE = YES;
				IPHONEOS_DEPLOYMENT_TARGET = 15.0;
				MTL_ENABLE_DEBUG_INFO = INCLUDE_SOURCE;
				MTL_FAST_MATH = YES;
				ONLY_ACTIVE_ARCH = YES;
				SDKROOT = iphoneos;
				SWIFT_ACTIVE_COMPILATION_CONDITIONS = DEBUG;
				SWIFT_OPTIMIZATION_LEVEL = "-Onone";
			};
			name = Debug;
		};
		BF7AE41928FA8CA800AF68ED /* Release */ = {
			isa = XCBuildConfiguration;
			buildSettings = {
				ALWAYS_SEARCH_USER_PATHS = NO;
				CLANG_ANALYZER_NONNULL = YES;
				CLANG_ANALYZER_NUMBER_OBJECT_CONVERSION = YES_AGGRESSIVE;
				CLANG_CXX_LANGUAGE_STANDARD = "gnu++20";
				CLANG_ENABLE_MODULES = YES;
				CLANG_ENABLE_OBJC_ARC = YES;
				CLANG_ENABLE_OBJC_WEAK = YES;
				CLANG_WARN_BLOCK_CAPTURE_AUTORELEASING = YES;
				CLANG_WARN_BOOL_CONVERSION = YES;
				CLANG_WARN_COMMA = YES;
				CLANG_WARN_CONSTANT_CONVERSION = YES;
				CLANG_WARN_DEPRECATED_OBJC_IMPLEMENTATIONS = YES;
				CLANG_WARN_DIRECT_OBJC_ISA_USAGE = YES_ERROR;
				CLANG_WARN_DOCUMENTATION_COMMENTS = YES;
				CLANG_WARN_EMPTY_BODY = YES;
				CLANG_WARN_ENUM_CONVERSION = YES;
				CLANG_WARN_INFINITE_RECURSION = YES;
				CLANG_WARN_INT_CONVERSION = YES;
				CLANG_WARN_NON_LITERAL_NULL_CONVERSION = YES;
				CLANG_WARN_OBJC_IMPLICIT_RETAIN_SELF = YES;
				CLANG_WARN_OBJC_LITERAL_CONVERSION = YES;
				CLANG_WARN_OBJC_ROOT_CLASS = YES_ERROR;
				CLANG_WARN_QUOTED_INCLUDE_IN_FRAMEWORK_HEADER = YES;
				CLANG_WARN_RANGE_LOOP_ANALYSIS = YES;
				CLANG_WARN_STRICT_PROTOTYPES = YES;
				CLANG_WARN_SUSPICIOUS_MOVE = YES;
				CLANG_WARN_UNGUARDED_AVAILABILITY = YES_AGGRESSIVE;
				CLANG_WARN_UNREACHABLE_CODE = YES;
				CLANG_WARN__DUPLICATE_METHOD_MATCH = YES;
				COPY_PHASE_STRIP = NO;
				DEBUG_INFORMATION_FORMAT = "dwarf-with-dsym";
				ENABLE_NS_ASSERTIONS = NO;
				ENABLE_STRICT_OBJC_MSGSEND = YES;
				GCC_C_LANGUAGE_STANDARD = gnu11;
				GCC_NO_COMMON_BLOCKS = YES;
				GCC_WARN_64_TO_32_BIT_CONVERSION = YES;
				GCC_WARN_ABOUT_RETURN_TYPE = YES_ERROR;
				GCC_WARN_UNDECLARED_SELECTOR = YES;
				GCC_WARN_UNINITIALIZED_AUTOS = YES_AGGRESSIVE;
				GCC_WARN_UNUSED_FUNCTION = YES;
				GCC_WARN_UNUSED_VARIABLE = YES;
				IPHONEOS_DEPLOYMENT_TARGET = 15.0;
				MTL_ENABLE_DEBUG_INFO = NO;
				MTL_FAST_MATH = YES;
				SDKROOT = iphoneos;
				SWIFT_COMPILATION_MODE = wholemodule;
				SWIFT_OPTIMIZATION_LEVEL = "-O";
				VALIDATE_PRODUCT = YES;
			};
			name = Release;
		};
		BF7AE41B28FA8CA800AF68ED /* Debug */ = {
			isa = XCBuildConfiguration;
			buildSettings = {
				ASSETCATALOG_COMPILER_APPICON_NAME = AppIcon;
				ASSETCATALOG_COMPILER_GLOBAL_ACCENT_COLOR_NAME = AccentColor;
				CODE_SIGN_STYLE = Automatic;
				CURRENT_PROJECT_VERSION = 1;
				DEVELOPMENT_TEAM = D9CAJN27UH;
				GENERATE_INFOPLIST_FILE = YES;
				INFOPLIST_FILE = Gaongil/Info.plist;
				INFOPLIST_KEY_UIApplicationSupportsIndirectInputEvents = YES;
				INFOPLIST_KEY_UILaunchStoryboardName = LaunchScreen;
				INFOPLIST_KEY_UISupportedInterfaceOrientations_iPad = "UIInterfaceOrientationPortrait UIInterfaceOrientationPortraitUpsideDown UIInterfaceOrientationLandscapeLeft UIInterfaceOrientationLandscapeRight";
				INFOPLIST_KEY_UISupportedInterfaceOrientations_iPhone = "UIInterfaceOrientationPortrait UIInterfaceOrientationLandscapeLeft UIInterfaceOrientationLandscapeRight";
				IPHONEOS_DEPLOYMENT_TARGET = 15.0;
				LD_RUNPATH_SEARCH_PATHS = (
					"$(inherited)",
					"@executable_path/Frameworks",
				);
				MARKETING_VERSION = 1.0;
				PRODUCT_BUNDLE_IDENTIFIER = lena.Gaongil;
				PRODUCT_NAME = "$(TARGET_NAME)";
				SUPPORTED_PLATFORMS = "iphoneos iphonesimulator";
				SUPPORTS_MACCATALYST = NO;
				SUPPORTS_MAC_DESIGNED_FOR_IPHONE_IPAD = NO;
				SWIFT_EMIT_LOC_STRINGS = YES;
				SWIFT_VERSION = 5.0;
				TARGETED_DEVICE_FAMILY = 1;
			};
			name = Debug;
		};
		BF7AE41C28FA8CA800AF68ED /* Release */ = {
			isa = XCBuildConfiguration;
			buildSettings = {
				ASSETCATALOG_COMPILER_APPICON_NAME = AppIcon;
				ASSETCATALOG_COMPILER_GLOBAL_ACCENT_COLOR_NAME = AccentColor;
				CODE_SIGN_STYLE = Automatic;
				CURRENT_PROJECT_VERSION = 1;
				DEVELOPMENT_TEAM = D9CAJN27UH;
				GENERATE_INFOPLIST_FILE = YES;
				INFOPLIST_FILE = Gaongil/Info.plist;
				INFOPLIST_KEY_UIApplicationSupportsIndirectInputEvents = YES;
				INFOPLIST_KEY_UILaunchStoryboardName = LaunchScreen;
				INFOPLIST_KEY_UISupportedInterfaceOrientations_iPad = "UIInterfaceOrientationPortrait UIInterfaceOrientationPortraitUpsideDown UIInterfaceOrientationLandscapeLeft UIInterfaceOrientationLandscapeRight";
				INFOPLIST_KEY_UISupportedInterfaceOrientations_iPhone = "UIInterfaceOrientationPortrait UIInterfaceOrientationLandscapeLeft UIInterfaceOrientationLandscapeRight";
				IPHONEOS_DEPLOYMENT_TARGET = 15.0;
				LD_RUNPATH_SEARCH_PATHS = (
					"$(inherited)",
					"@executable_path/Frameworks",
				);
				MARKETING_VERSION = 1.0;
				PRODUCT_BUNDLE_IDENTIFIER = lena.Gaongil;
				PRODUCT_NAME = "$(TARGET_NAME)";
				SUPPORTED_PLATFORMS = "iphoneos iphonesimulator";
				SUPPORTS_MACCATALYST = NO;
				SUPPORTS_MAC_DESIGNED_FOR_IPHONE_IPAD = NO;
				SWIFT_EMIT_LOC_STRINGS = YES;
				SWIFT_VERSION = 5.0;
				TARGETED_DEVICE_FAMILY = 1;
			};
			name = Release;
		};
/* End XCBuildConfiguration section */

/* Begin XCConfigurationList section */
		BF7AE40128FA8CA800AF68ED /* Build configuration list for PBXProject "Gaongil" */ = {
			isa = XCConfigurationList;
			buildConfigurations = (
				BF7AE41828FA8CA800AF68ED /* Debug */,
				BF7AE41928FA8CA800AF68ED /* Release */,
			);
			defaultConfigurationIsVisible = 0;
			defaultConfigurationName = Release;
		};
		BF7AE41A28FA8CA800AF68ED /* Build configuration list for PBXNativeTarget "Gaongil" */ = {
			isa = XCConfigurationList;
			buildConfigurations = (
				BF7AE41B28FA8CA800AF68ED /* Debug */,
				BF7AE41C28FA8CA800AF68ED /* Release */,
			);
			defaultConfigurationIsVisible = 0;
			defaultConfigurationName = Release;
		};
/* End XCConfigurationList section */

/* Begin XCRemoteSwiftPackageReference section */
		BF788B87290540DA002BF8C0 /* XCRemoteSwiftPackageReference "Alamofire" */ = {
			isa = XCRemoteSwiftPackageReference;
			repositoryURL = "https://github.com/Alamofire/Alamofire.git";
			requirement = {
				kind = upToNextMajorVersion;
				minimumVersion = 5.0.0;
			};
		};
		BF915CB4290BFC7A006DD4B1 /* XCRemoteSwiftPackageReference "SwiftyJSON" */ = {
			isa = XCRemoteSwiftPackageReference;
			repositoryURL = "https://github.com/SwiftyJSON/SwiftyJSON.git";
			requirement = {
				kind = upToNextMajorVersion;
				minimumVersion = 5.0.0;
			};
		};
/* End XCRemoteSwiftPackageReference section */

/* Begin XCSwiftPackageProductDependency section */
		BF788B88290540DA002BF8C0 /* Alamofire */ = {
			isa = XCSwiftPackageProductDependency;
			package = BF788B87290540DA002BF8C0 /* XCRemoteSwiftPackageReference "Alamofire" */;
			productName = Alamofire;
		};
		BF915CB5290BFC7A006DD4B1 /* SwiftyJSON */ = {
			isa = XCSwiftPackageProductDependency;
			package = BF915CB4290BFC7A006DD4B1 /* XCRemoteSwiftPackageReference "SwiftyJSON" */;
			productName = SwiftyJSON;
		};
/* End XCSwiftPackageProductDependency section */

/* Begin XCVersionGroup section */
		3F3C61002912A745002D1168 /* CommitteeModel.xcdatamodeld */ = {
			isa = XCVersionGroup;
			children = (
				3F3C61012912A745002D1168 /* CommitteeModel.xcdatamodel */,
			);
			currentVersion = 3F3C61012912A745002D1168 /* CommitteeModel.xcdatamodel */;
			path = CommitteeModel.xcdatamodeld;
			sourceTree = "<group>";
			versionGroupType = wrapper.xcdatamodel;
		};
/* End XCVersionGroup section */
	};
	rootObject = BF7AE3FE28FA8CA800AF68ED /* Project object */;
}
